
Microsoft Visual Studio Solution File, Format Version 12.00
# Visual Studio Version 16
VisualStudioVersion = 16.0.30621.155
MinimumVisualStudioVersion = 15.0.26124.0
Project("{2150E333-8FDC-42A3-9474-1A3956D46DE8}") = "src", "src", "{659F6182-67A4-4AB4-ABDD-F4CAE0FD12CC}"
EndProject
Project("{9A19103F-16F7-4668-BE54-9A1E7A4F7556}") = "HttpServ", "src\HttpServ\HttpServ.csproj", "{E7359EDE-213D-48E3-9419-4B76C82E7BFE}"
	ProjectSection(ProjectDependencies) = postProject
		{0E3999CF-0ABE-41D1-9B77-67301C5645D3} = {0E3999CF-0ABE-41D1-9B77-67301C5645D3}
	EndProjectSection
EndProject
Project("{9A19103F-16F7-4668-BE54-9A1E7A4F7556}") = "Intermediate", "src\Intermediate\Intermediate.csproj", "{6A7A0C4B-ADF5-4D84-B702-781F8102698F}"
EndProject
Project("{9A19103F-16F7-4668-BE54-9A1E7A4F7556}") = "Observer", "src\Observer\Observer.csproj", "{25354E78-8901-41E2-B666-7557734BBC9E}"
EndProject
Project("{9A19103F-16F7-4668-BE54-9A1E7A4F7556}") = "Original", "src\Original\Original.csproj", "{52409C37-87B9-446B-95A8-CC238CB641DD}"
EndProject
Project("{2150E333-8FDC-42A3-9474-1A3956D46DE8}") = "test", "test", "{F0D024D3-BAE1-42E6-AFF5-0CC815B80AF5}"
EndProject
Project("{9A19103F-16F7-4668-BE54-9A1E7A4F7556}") = "HttpServ.Tests", "test\HttpServ.Tests\HttpServ.Tests.csproj", "{30E3E2EF-642A-4B64-B4FA-72FC5A8B439F}"
EndProject
Project("{9A19103F-16F7-4668-BE54-9A1E7A4F7556}") = "Intermediate.Tests", "test\Intermediate.Tests\Intermediate.Tests.csproj", "{62A80AB9-6A5F-422E-8976-D2757D9243E4}"
EndProject
Project("{9A19103F-16F7-4668-BE54-9A1E7A4F7556}") = "Observer.Tests", "test\Observer.Tests\Observer.Tests.csproj", "{6E04454C-6411-4BF1-91AE-97454A360E6D}"
EndProject
Project("{9A19103F-16F7-4668-BE54-9A1E7A4F7556}") = "Original.Tests", "test\Original.Tests\Original.Tests.csproj", "{5A1142A7-D81C-4BFF-8332-8DCBEDDFCC2F}"
EndProject
Project("{2150E333-8FDC-42A3-9474-1A3956D46DE8}") = "Solution Items", "Solution Items", "{6A450BFC-2D73-493B-8DFC-A8F22ED2A2A7}"
	ProjectSection(SolutionItems) = preProject
		.gitlab-ci.yml = .gitlab-ci.yml
		docker-compose.yml = docker-compose.yml
		README.md = README.md
		Vagrantfile = Vagrantfile
	EndProjectSection
EndProject
Project("{9A19103F-16F7-4668-BE54-9A1E7A4F7556}") = "ApiGateway", "src\ApiGateway\ApiGateway.csproj", "{B9EE1A3D-093C-43E2-9A54-D0D3C0173297}"
EndProject
Project("{9A19103F-16F7-4668-BE54-9A1E7A4F7556}") = "CommonTools", "src\CommonTools\CommonTools.csproj", "{0E3999CF-0ABE-41D1-9B77-67301C5645D3}"
EndProject
Project("{9A19103F-16F7-4668-BE54-9A1E7A4F7556}") = "CommonTools.Tests", "test\CommonTools.Tests\CommonTools.Tests.csproj", "{11475231-CBCC-466E-A99C-13C4FA3F287D}"
EndProject
Project("{9A19103F-16F7-4668-BE54-9A1E7A4F7556}") = "SharedTestUtils", "test\SharedTestUtils\SharedTestUtils.csproj", "{430D6A08-A717-4709-BEB3-3CA02B06DDC5}"
EndProject
Project("{FAE04EC0-301F-11D3-BF4B-00C04F79EFBC}") = "ApiGateway.Tests", "test\ApiGateway.Tests\ApiGateway.Tests.csproj", "{05D134E7-C2B5-41C5-9057-485AEEC13375}"
EndProject
Global
	GlobalSection(SolutionConfigurationPlatforms) = preSolution
		Debug|Any CPU = Debug|Any CPU
		Debug|x64 = Debug|x64
		Debug|x86 = Debug|x86
		Release|Any CPU = Release|Any CPU
		Release|x64 = Release|x64
		Release|x86 = Release|x86
	EndGlobalSection
	GlobalSection(ProjectConfigurationPlatforms) = postSolution
		{E7359EDE-213D-48E3-9419-4B76C82E7BFE}.Debug|Any CPU.ActiveCfg = Debug|Any CPU
		{E7359EDE-213D-48E3-9419-4B76C82E7BFE}.Debug|Any CPU.Build.0 = Debug|Any CPU
		{E7359EDE-213D-48E3-9419-4B76C82E7BFE}.Debug|x64.ActiveCfg = Debug|Any CPU
		{E7359EDE-213D-48E3-9419-4B76C82E7BFE}.Debug|x64.Build.0 = Debug|Any CPU
		{E7359EDE-213D-48E3-9419-4B76C82E7BFE}.Debug|x86.ActiveCfg = Debug|Any CPU
		{E7359EDE-213D-48E3-9419-4B76C82E7BFE}.Debug|x86.Build.0 = Debug|Any CPU
		{E7359EDE-213D-48E3-9419-4B76C82E7BFE}.Release|Any CPU.ActiveCfg = Release|Any CPU
		{E7359EDE-213D-48E3-9419-4B76C82E7BFE}.Release|Any CPU.Build.0 = Release|Any CPU
		{E7359EDE-213D-48E3-9419-4B76C82E7BFE}.Release|x64.ActiveCfg = Release|Any CPU
		{E7359EDE-213D-48E3-9419-4B76C82E7BFE}.Release|x64.Build.0 = Release|Any CPU
		{E7359EDE-213D-48E3-9419-4B76C82E7BFE}.Release|x86.ActiveCfg = Release|Any CPU
		{E7359EDE-213D-48E3-9419-4B76C82E7BFE}.Release|x86.Build.0 = Release|Any CPU
		{6A7A0C4B-ADF5-4D84-B702-781F8102698F}.Debug|Any CPU.ActiveCfg = Debug|Any CPU
		{6A7A0C4B-ADF5-4D84-B702-781F8102698F}.Debug|Any CPU.Build.0 = Debug|Any CPU
		{6A7A0C4B-ADF5-4D84-B702-781F8102698F}.Debug|x64.ActiveCfg = Debug|Any CPU
		{6A7A0C4B-ADF5-4D84-B702-781F8102698F}.Debug|x64.Build.0 = Debug|Any CPU
		{6A7A0C4B-ADF5-4D84-B702-781F8102698F}.Debug|x86.ActiveCfg = Debug|Any CPU
		{6A7A0C4B-ADF5-4D84-B702-781F8102698F}.Debug|x86.Build.0 = Debug|Any CPU
		{6A7A0C4B-ADF5-4D84-B702-781F8102698F}.Release|Any CPU.ActiveCfg = Release|Any CPU
		{6A7A0C4B-ADF5-4D84-B702-781F8102698F}.Release|Any CPU.Build.0 = Release|Any CPU
		{6A7A0C4B-ADF5-4D84-B702-781F8102698F}.Release|x64.ActiveCfg = Release|Any CPU
		{6A7A0C4B-ADF5-4D84-B702-781F8102698F}.Release|x64.Build.0 = Release|Any CPU
		{6A7A0C4B-ADF5-4D84-B702-781F8102698F}.Release|x86.ActiveCfg = Release|Any CPU
		{6A7A0C4B-ADF5-4D84-B702-781F8102698F}.Release|x86.Build.0 = Release|Any CPU
		{25354E78-8901-41E2-B666-7557734BBC9E}.Debug|Any CPU.ActiveCfg = Debug|Any CPU
		{25354E78-8901-41E2-B666-7557734BBC9E}.Debug|Any CPU.Build.0 = Debug|Any CPU
		{25354E78-8901-41E2-B666-7557734BBC9E}.Debug|x64.ActiveCfg = Debug|Any CPU
		{25354E78-8901-41E2-B666-7557734BBC9E}.Debug|x64.Build.0 = Debug|Any CPU
		{25354E78-8901-41E2-B666-7557734BBC9E}.Debug|x86.ActiveCfg = Debug|Any CPU
		{25354E78-8901-41E2-B666-7557734BBC9E}.Debug|x86.Build.0 = Debug|Any CPU
		{25354E78-8901-41E2-B666-7557734BBC9E}.Release|Any CPU.ActiveCfg = Release|Any CPU
		{25354E78-8901-41E2-B666-7557734BBC9E}.Release|Any CPU.Build.0 = Release|Any CPU
		{25354E78-8901-41E2-B666-7557734BBC9E}.Release|x64.ActiveCfg = Release|Any CPU
		{25354E78-8901-41E2-B666-7557734BBC9E}.Release|x64.Build.0 = Release|Any CPU
		{25354E78-8901-41E2-B666-7557734BBC9E}.Release|x86.ActiveCfg = Release|Any CPU
		{25354E78-8901-41E2-B666-7557734BBC9E}.Release|x86.Build.0 = Release|Any CPU
		{52409C37-87B9-446B-95A8-CC238CB641DD}.Debug|Any CPU.ActiveCfg = Debug|Any CPU
		{52409C37-87B9-446B-95A8-CC238CB641DD}.Debug|Any CPU.Build.0 = Debug|Any CPU
		{52409C37-87B9-446B-95A8-CC238CB641DD}.Debug|x64.ActiveCfg = Debug|Any CPU
		{52409C37-87B9-446B-95A8-CC238CB641DD}.Debug|x64.Build.0 = Debug|Any CPU
		{52409C37-87B9-446B-95A8-CC238CB641DD}.Debug|x86.ActiveCfg = Debug|Any CPU
		{52409C37-87B9-446B-95A8-CC238CB641DD}.Debug|x86.Build.0 = Debug|Any CPU
		{52409C37-87B9-446B-95A8-CC238CB641DD}.Release|Any CPU.ActiveCfg = Release|Any CPU
		{52409C37-87B9-446B-95A8-CC238CB641DD}.Release|Any CPU.Build.0 = Release|Any CPU
		{52409C37-87B9-446B-95A8-CC238CB641DD}.Release|x64.ActiveCfg = Release|Any CPU
		{52409C37-87B9-446B-95A8-CC238CB641DD}.Release|x64.Build.0 = Release|Any CPU
		{52409C37-87B9-446B-95A8-CC238CB641DD}.Release|x86.ActiveCfg = Release|Any CPU
		{52409C37-87B9-446B-95A8-CC238CB641DD}.Release|x86.Build.0 = Release|Any CPU
		{30E3E2EF-642A-4B64-B4FA-72FC5A8B439F}.Debug|Any CPU.ActiveCfg = Debug|Any CPU
		{30E3E2EF-642A-4B64-B4FA-72FC5A8B439F}.Debug|Any CPU.Build.0 = Debug|Any CPU
		{30E3E2EF-642A-4B64-B4FA-72FC5A8B439F}.Debug|x64.ActiveCfg = Debug|Any CPU
		{30E3E2EF-642A-4B64-B4FA-72FC5A8B439F}.Debug|x64.Build.0 = Debug|Any CPU
		{30E3E2EF-642A-4B64-B4FA-72FC5A8B439F}.Debug|x86.ActiveCfg = Debug|Any CPU
		{30E3E2EF-642A-4B64-B4FA-72FC5A8B439F}.Debug|x86.Build.0 = Debug|Any CPU
		{30E3E2EF-642A-4B64-B4FA-72FC5A8B439F}.Release|Any CPU.ActiveCfg = Release|Any CPU
		{30E3E2EF-642A-4B64-B4FA-72FC5A8B439F}.Release|Any CPU.Build.0 = Release|Any CPU
		{30E3E2EF-642A-4B64-B4FA-72FC5A8B439F}.Release|x64.ActiveCfg = Release|Any CPU
		{30E3E2EF-642A-4B64-B4FA-72FC5A8B439F}.Release|x64.Build.0 = Release|Any CPU
		{30E3E2EF-642A-4B64-B4FA-72FC5A8B439F}.Release|x86.ActiveCfg = Release|Any CPU
		{30E3E2EF-642A-4B64-B4FA-72FC5A8B439F}.Release|x86.Build.0 = Release|Any CPU
		{62A80AB9-6A5F-422E-8976-D2757D9243E4}.Debug|Any CPU.ActiveCfg = Debug|Any CPU
		{62A80AB9-6A5F-422E-8976-D2757D9243E4}.Debug|Any CPU.Build.0 = Debug|Any CPU
		{62A80AB9-6A5F-422E-8976-D2757D9243E4}.Debug|x64.ActiveCfg = Debug|Any CPU
		{62A80AB9-6A5F-422E-8976-D2757D9243E4}.Debug|x64.Build.0 = Debug|Any CPU
		{62A80AB9-6A5F-422E-8976-D2757D9243E4}.Debug|x86.ActiveCfg = Debug|Any CPU
		{62A80AB9-6A5F-422E-8976-D2757D9243E4}.Debug|x86.Build.0 = Debug|Any CPU
		{62A80AB9-6A5F-422E-8976-D2757D9243E4}.Release|Any CPU.ActiveCfg = Release|Any CPU
		{62A80AB9-6A5F-422E-8976-D2757D9243E4}.Release|Any CPU.Build.0 = Release|Any CPU
		{62A80AB9-6A5F-422E-8976-D2757D9243E4}.Release|x64.ActiveCfg = Release|Any CPU
		{62A80AB9-6A5F-422E-8976-D2757D9243E4}.Release|x64.Build.0 = Release|Any CPU
		{62A80AB9-6A5F-422E-8976-D2757D9243E4}.Release|x86.ActiveCfg = Release|Any CPU
		{62A80AB9-6A5F-422E-8976-D2757D9243E4}.Release|x86.Build.0 = Release|Any CPU
		{6E04454C-6411-4BF1-91AE-97454A360E6D}.Debug|Any CPU.ActiveCfg = Debug|Any CPU
		{6E04454C-6411-4BF1-91AE-97454A360E6D}.Debug|Any CPU.Build.0 = Debug|Any CPU
		{6E04454C-6411-4BF1-91AE-97454A360E6D}.Debug|x64.ActiveCfg = Debug|Any CPU
		{6E04454C-6411-4BF1-91AE-97454A360E6D}.Debug|x64.Build.0 = Debug|Any CPU
		{6E04454C-6411-4BF1-91AE-97454A360E6D}.Debug|x86.ActiveCfg = Debug|Any CPU
		{6E04454C-6411-4BF1-91AE-97454A360E6D}.Debug|x86.Build.0 = Debug|Any CPU
		{6E04454C-6411-4BF1-91AE-97454A360E6D}.Release|Any CPU.ActiveCfg = Release|Any CPU
		{6E04454C-6411-4BF1-91AE-97454A360E6D}.Release|Any CPU.Build.0 = Release|Any CPU
		{6E04454C-6411-4BF1-91AE-97454A360E6D}.Release|x64.ActiveCfg = Release|Any CPU
		{6E04454C-6411-4BF1-91AE-97454A360E6D}.Release|x64.Build.0 = Release|Any CPU
		{6E04454C-6411-4BF1-91AE-97454A360E6D}.Release|x86.ActiveCfg = Release|Any CPU
		{6E04454C-6411-4BF1-91AE-97454A360E6D}.Release|x86.Build.0 = Release|Any CPU
		{5A1142A7-D81C-4BFF-8332-8DCBEDDFCC2F}.Debug|Any CPU.ActiveCfg = Debug|Any CPU
		{5A1142A7-D81C-4BFF-8332-8DCBEDDFCC2F}.Debug|Any CPU.Build.0 = Debug|Any CPU
		{5A1142A7-D81C-4BFF-8332-8DCBEDDFCC2F}.Debug|x64.ActiveCfg = Debug|Any CPU
		{5A1142A7-D81C-4BFF-8332-8DCBEDDFCC2F}.Debug|x64.Build.0 = Debug|Any CPU
		{5A1142A7-D81C-4BFF-8332-8DCBEDDFCC2F}.Debug|x86.ActiveCfg = Debug|Any CPU
		{5A1142A7-D81C-4BFF-8332-8DCBEDDFCC2F}.Debug|x86.Build.0 = Debug|Any CPU
		{5A1142A7-D81C-4BFF-8332-8DCBEDDFCC2F}.Release|Any CPU.ActiveCfg = Release|Any CPU
		{5A1142A7-D81C-4BFF-8332-8DCBEDDFCC2F}.Release|Any CPU.Build.0 = Release|Any CPU
		{5A1142A7-D81C-4BFF-8332-8DCBEDDFCC2F}.Release|x64.ActiveCfg = Release|Any CPU
		{5A1142A7-D81C-4BFF-8332-8DCBEDDFCC2F}.Release|x64.Build.0 = Release|Any CPU
		{5A1142A7-D81C-4BFF-8332-8DCBEDDFCC2F}.Release|x86.ActiveCfg = Release|Any CPU
		{5A1142A7-D81C-4BFF-8332-8DCBEDDFCC2F}.Release|x86.Build.0 = Release|Any CPU
		{B9EE1A3D-093C-43E2-9A54-D0D3C0173297}.Debug|Any CPU.ActiveCfg = Debug|Any CPU
		{B9EE1A3D-093C-43E2-9A54-D0D3C0173297}.Debug|Any CPU.Build.0 = Debug|Any CPU
		{B9EE1A3D-093C-43E2-9A54-D0D3C0173297}.Debug|x64.ActiveCfg = Debug|Any CPU
		{B9EE1A3D-093C-43E2-9A54-D0D3C0173297}.Debug|x64.Build.0 = Debug|Any CPU
		{B9EE1A3D-093C-43E2-9A54-D0D3C0173297}.Debug|x86.ActiveCfg = Debug|Any CPU
		{B9EE1A3D-093C-43E2-9A54-D0D3C0173297}.Debug|x86.Build.0 = Debug|Any CPU
		{B9EE1A3D-093C-43E2-9A54-D0D3C0173297}.Release|Any CPU.ActiveCfg = Release|Any CPU
		{B9EE1A3D-093C-43E2-9A54-D0D3C0173297}.Release|Any CPU.Build.0 = Release|Any CPU
		{B9EE1A3D-093C-43E2-9A54-D0D3C0173297}.Release|x64.ActiveCfg = Release|Any CPU
		{B9EE1A3D-093C-43E2-9A54-D0D3C0173297}.Release|x64.Build.0 = Release|Any CPU
		{B9EE1A3D-093C-43E2-9A54-D0D3C0173297}.Release|x86.ActiveCfg = Release|Any CPU
		{B9EE1A3D-093C-43E2-9A54-D0D3C0173297}.Release|x86.Build.0 = Release|Any CPU
		{0E3999CF-0ABE-41D1-9B77-67301C5645D3}.Debug|Any CPU.ActiveCfg = Debug|Any CPU
		{0E3999CF-0ABE-41D1-9B77-67301C5645D3}.Debug|Any CPU.Build.0 = Debug|Any CPU
		{0E3999CF-0ABE-41D1-9B77-67301C5645D3}.Debug|x64.ActiveCfg = Debug|Any CPU
		{0E3999CF-0ABE-41D1-9B77-67301C5645D3}.Debug|x64.Build.0 = Debug|Any CPU
		{0E3999CF-0ABE-41D1-9B77-67301C5645D3}.Debug|x86.ActiveCfg = Debug|Any CPU
		{0E3999CF-0ABE-41D1-9B77-67301C5645D3}.Debug|x86.Build.0 = Debug|Any CPU
		{0E3999CF-0ABE-41D1-9B77-67301C5645D3}.Release|Any CPU.ActiveCfg = Release|Any CPU
		{0E3999CF-0ABE-41D1-9B77-67301C5645D3}.Release|Any CPU.Build.0 = Release|Any CPU
		{0E3999CF-0ABE-41D1-9B77-67301C5645D3}.Release|x64.ActiveCfg = Release|Any CPU
		{0E3999CF-0ABE-41D1-9B77-67301C5645D3}.Release|x64.Build.0 = Release|Any CPU
		{0E3999CF-0ABE-41D1-9B77-67301C5645D3}.Release|x86.ActiveCfg = Release|Any CPU
		{0E3999CF-0ABE-41D1-9B77-67301C5645D3}.Release|x86.Build.0 = Release|Any CPU
		{11475231-CBCC-466E-A99C-13C4FA3F287D}.Debug|Any CPU.ActiveCfg = Debug|Any CPU
		{11475231-CBCC-466E-A99C-13C4FA3F287D}.Debug|Any CPU.Build.0 = Debug|Any CPU
		{11475231-CBCC-466E-A99C-13C4FA3F287D}.Debug|x64.ActiveCfg = Debug|Any CPU
		{11475231-CBCC-466E-A99C-13C4FA3F287D}.Debug|x64.Build.0 = Debug|Any CPU
		{11475231-CBCC-466E-A99C-13C4FA3F287D}.Debug|x86.ActiveCfg = Debug|Any CPU
		{11475231-CBCC-466E-A99C-13C4FA3F287D}.Debug|x86.Build.0 = Debug|Any CPU
		{11475231-CBCC-466E-A99C-13C4FA3F287D}.Release|Any CPU.ActiveCfg = Release|Any CPU
		{11475231-CBCC-466E-A99C-13C4FA3F287D}.Release|Any CPU.Build.0 = Release|Any CPU
		{11475231-CBCC-466E-A99C-13C4FA3F287D}.Release|x64.ActiveCfg = Release|Any CPU
		{11475231-CBCC-466E-A99C-13C4FA3F287D}.Release|x64.Build.0 = Release|Any CPU
		{11475231-CBCC-466E-A99C-13C4FA3F287D}.Release|x86.ActiveCfg = Release|Any CPU
		{11475231-CBCC-466E-A99C-13C4FA3F287D}.Release|x86.Build.0 = Release|Any CPU
		{430D6A08-A717-4709-BEB3-3CA02B06DDC5}.Debug|Any CPU.ActiveCfg = Debug|Any CPU
		{430D6A08-A717-4709-BEB3-3CA02B06DDC5}.Debug|Any CPU.Build.0 = Debug|Any CPU
		{430D6A08-A717-4709-BEB3-3CA02B06DDC5}.Debug|x64.ActiveCfg = Debug|Any CPU
		{430D6A08-A717-4709-BEB3-3CA02B06DDC5}.Debug|x64.Build.0 = Debug|Any CPU
		{430D6A08-A717-4709-BEB3-3CA02B06DDC5}.Debug|x86.ActiveCfg = Debug|Any CPU
		{430D6A08-A717-4709-BEB3-3CA02B06DDC5}.Debug|x86.Build.0 = Debug|Any CPU
		{430D6A08-A717-4709-BEB3-3CA02B06DDC5}.Release|Any CPU.ActiveCfg = Release|Any CPU
		{430D6A08-A717-4709-BEB3-3CA02B06DDC5}.Release|Any CPU.Build.0 = Release|Any CPU
		{430D6A08-A717-4709-BEB3-3CA02B06DDC5}.Release|x64.ActiveCfg = Release|Any CPU
		{430D6A08-A717-4709-BEB3-3CA02B06DDC5}.Release|x64.Build.0 = Release|Any CPU
		{430D6A08-A717-4709-BEB3-3CA02B06DDC5}.Release|x86.ActiveCfg = Release|Any CPU
		{430D6A08-A717-4709-BEB3-3CA02B06DDC5}.Release|x86.Build.0 = Release|Any CPU
		{05D134E7-C2B5-41C5-9057-485AEEC13375}.Debug|Any CPU.ActiveCfg = Debug|Any CPU
		{05D134E7-C2B5-41C5-9057-485AEEC13375}.Debug|Any CPU.Build.0 = Debug|Any CPU
		{05D134E7-C2B5-41C5-9057-485AEEC13375}.Debug|x64.ActiveCfg = Debug|Any CPU
		{05D134E7-C2B5-41C5-9057-485AEEC13375}.Debug|x64.Build.0 = Debug|Any CPU
		{05D134E7-C2B5-41C5-9057-485AEEC13375}.Debug|x86.ActiveCfg = Debug|Any CPU
		{05D134E7-C2B5-41C5-9057-485AEEC13375}.Debug|x86.Build.0 = Debug|Any CPU
		{05D134E7-C2B5-41C5-9057-485AEEC13375}.Release|Any CPU.ActiveCfg = Release|Any CPU
		{05D134E7-C2B5-41C5-9057-485AEEC13375}.Release|Any CPU.Build.0 = Release|Any CPU
		{05D134E7-C2B5-41C5-9057-485AEEC13375}.Release|x64.ActiveCfg = Release|Any CPU
		{05D134E7-C2B5-41C5-9057-485AEEC13375}.Release|x64.Build.0 = Release|Any CPU
		{05D134E7-C2B5-41C5-9057-485AEEC13375}.Release|x86.ActiveCfg = Release|Any CPU
		{05D134E7-C2B5-41C5-9057-485AEEC13375}.Release|x86.Build.0 = Release|Any CPU
	EndGlobalSection
	GlobalSection(SolutionProperties) = preSolution
		HideSolutionNode = FALSE
	EndGlobalSection
	GlobalSection(NestedProjects) = preSolution
		{E7359EDE-213D-48E3-9419-4B76C82E7BFE} = {659F6182-67A4-4AB4-ABDD-F4CAE0FD12CC}
		{6A7A0C4B-ADF5-4D84-B702-781F8102698F} = {659F6182-67A4-4AB4-ABDD-F4CAE0FD12CC}
		{25354E78-8901-41E2-B666-7557734BBC9E} = {659F6182-67A4-4AB4-ABDD-F4CAE0FD12CC}
		{52409C37-87B9-446B-95A8-CC238CB641DD} = {659F6182-67A4-4AB4-ABDD-F4CAE0FD12CC}
		{30E3E2EF-642A-4B64-B4FA-72FC5A8B439F} = {F0D024D3-BAE1-42E6-AFF5-0CC815B80AF5}
		{62A80AB9-6A5F-422E-8976-D2757D9243E4} = {F0D024D3-BAE1-42E6-AFF5-0CC815B80AF5}
		{6E04454C-6411-4BF1-91AE-97454A360E6D} = {F0D024D3-BAE1-42E6-AFF5-0CC815B80AF5}
		{5A1142A7-D81C-4BFF-8332-8DCBEDDFCC2F} = {F0D024D3-BAE1-42E6-AFF5-0CC815B80AF5}
		{B9EE1A3D-093C-43E2-9A54-D0D3C0173297} = {659F6182-67A4-4AB4-ABDD-F4CAE0FD12CC}
		{0E3999CF-0ABE-41D1-9B77-67301C5645D3} = {659F6182-67A4-4AB4-ABDD-F4CAE0FD12CC}
		{11475231-CBCC-466E-A99C-13C4FA3F287D} = {F0D024D3-BAE1-42E6-AFF5-0CC815B80AF5}
		{430D6A08-A717-4709-BEB3-3CA02B06DDC5} = {F0D024D3-BAE1-42E6-AFF5-0CC815B80AF5}
		{05D134E7-C2B5-41C5-9057-485AEEC13375} = {F0D024D3-BAE1-42E6-AFF5-0CC815B80AF5}
	EndGlobalSection
	GlobalSection(ExtensibilityGlobals) = postSolution
		SolutionGuid = {B855CB1D-4725-48BD-A945-CFBE84244116}
	EndGlobalSection
EndGlobal
